// !$*UTF8*$!
{
	archiveVersion = 1;
	classes = {
	};
	objectVersion = 48;
	objects = {

/* Begin PBXBuildFile section */
		4086EC621F896AC3007EF773 /* AppDelegate.swift in Sources */ = {isa = PBXBuildFile; fileRef = 4086EC611F896AC3007EF773 /* AppDelegate.swift */; };
		4086EC641F896AC3007EF773 /* ViewController.swift in Sources */ = {isa = PBXBuildFile; fileRef = 4086EC631F896AC3007EF773 /* ViewController.swift */; };
		4086EC691F896AC3007EF773 /* Assets.xcassets in Resources */ = {isa = PBXBuildFile; fileRef = 4086EC681F896AC3007EF773 /* Assets.xcassets */; };
		4086EC6C1F896AC3007EF773 /* LaunchScreen.storyboard in Resources */ = {isa = PBXBuildFile; fileRef = 4086EC6A1F896AC3007EF773 /* LaunchScreen.storyboard */; };
		4086EC7A1F89BDD1007EF773 /* FlowDKAppTests.swift in Sources */ = {isa = PBXBuildFile; fileRef = 4086EC791F89BDD1007EF773 /* FlowDKAppTests.swift */; };
		B9084D375DE2D8F09EACDF53 /* Pods_FlowDKApp.framework in Frameworks */ = {isa = PBXBuildFile; fileRef = 9A71F55D5DE588EFC14D531B /* Pods_FlowDKApp.framework */; };
/* End PBXBuildFile section */

/* Begin PBXContainerItemProxy section */
		4086EC7C1F89BDD1007EF773 /* PBXContainerItemProxy */ = {
			isa = PBXContainerItemProxy;
			containerPortal = 4086EC561F896AC3007EF773 /* Project object */;
			proxyType = 1;
			remoteGlobalIDString = 4086EC5D1F896AC3007EF773;
			remoteInfo = FlowDKApp;
		};
/* End PBXContainerItemProxy section */

/* Begin PBXFileReference section */
		4086EC5E1F896AC3007EF773 /* FlowDKApp.app */ = {isa = PBXFileReference; explicitFileType = wrapper.application; includeInIndex = 0; path = FlowDKApp.app; sourceTree = BUILT_PRODUCTS_DIR; };
		4086EC611F896AC3007EF773 /* AppDelegate.swift */ = {isa = PBXFileReference; lastKnownFileType = sourcecode.swift; path = AppDelegate.swift; sourceTree = "<group>"; };
		4086EC631F896AC3007EF773 /* ViewController.swift */ = {isa = PBXFileReference; lastKnownFileType = sourcecode.swift; path = ViewController.swift; sourceTree = "<group>"; };
		4086EC681F896AC3007EF773 /* Assets.xcassets */ = {isa = PBXFileReference; lastKnownFileType = folder.assetcatalog; path = Assets.xcassets; sourceTree = "<group>"; };
		4086EC6B1F896AC3007EF773 /* Base */ = {isa = PBXFileReference; lastKnownFileType = file.storyboard; name = Base; path = Base.lproj/LaunchScreen.storyboard; sourceTree = "<group>"; };
		4086EC6D1F896AC3007EF773 /* Info.plist */ = {isa = PBXFileReference; lastKnownFileType = text.plist.xml; path = Info.plist; sourceTree = "<group>"; };
		4086EC771F89BDD1007EF773 /* FlowDKAppTests.xctest */ = {isa = PBXFileReference; explicitFileType = wrapper.cfbundle; includeInIndex = 0; path = FlowDKAppTests.xctest; sourceTree = BUILT_PRODUCTS_DIR; };
		4086EC791F89BDD1007EF773 /* FlowDKAppTests.swift */ = {isa = PBXFileReference; lastKnownFileType = sourcecode.swift; path = FlowDKAppTests.swift; sourceTree = "<group>"; };
		4086EC7B1F89BDD1007EF773 /* Info.plist */ = {isa = PBXFileReference; lastKnownFileType = text.plist.xml; path = Info.plist; sourceTree = "<group>"; };
		6E756BE954E1FAEC01998D1E /* Pods-FlowDKApp.debug.xcconfig */ = {isa = PBXFileReference; includeInIndex = 1; lastKnownFileType = text.xcconfig; name = "Pods-FlowDKApp.debug.xcconfig"; path = "Pods/Target Support Files/Pods-FlowDKApp/Pods-FlowDKApp.debug.xcconfig"; sourceTree = "<group>"; };
		9A71F55D5DE588EFC14D531B /* Pods_FlowDKApp.framework */ = {isa = PBXFileReference; explicitFileType = wrapper.framework; includeInIndex = 0; path = Pods_FlowDKApp.framework; sourceTree = BUILT_PRODUCTS_DIR; };
		D6E85E83D05EB18EDC4AA332 /* Pods-FlowDKApp.release.xcconfig */ = {isa = PBXFileReference; includeInIndex = 1; lastKnownFileType = text.xcconfig; name = "Pods-FlowDKApp.release.xcconfig"; path = "Pods/Target Support Files/Pods-FlowDKApp/Pods-FlowDKApp.release.xcconfig"; sourceTree = "<group>"; };
/* End PBXFileReference section */

/* Begin PBXFrameworksBuildPhase section */
		4086EC5B1F896AC3007EF773 /* Frameworks */ = {
			isa = PBXFrameworksBuildPhase;
			buildActionMask = 2147483647;
			files = (
				B9084D375DE2D8F09EACDF53 /* Pods_FlowDKApp.framework in Frameworks */,
			);
			runOnlyForDeploymentPostprocessing = 0;
		};
		4086EC741F89BDD1007EF773 /* Frameworks */ = {
			isa = PBXFrameworksBuildPhase;
			buildActionMask = 2147483647;
			files = (
			);
			runOnlyForDeploymentPostprocessing = 0;
		};
/* End PBXFrameworksBuildPhase section */

/* Begin PBXGroup section */
		2A132AD5E5D90E3767B02195 /* Pods */ = {
			isa = PBXGroup;
			children = (
				6E756BE954E1FAEC01998D1E /* Pods-FlowDKApp.debug.xcconfig */,
				D6E85E83D05EB18EDC4AA332 /* Pods-FlowDKApp.release.xcconfig */,
			);
			name = Pods;
			sourceTree = "<group>";
		};
		4086EC551F896AC3007EF773 = {
			isa = PBXGroup;
			children = (
				4086EC601F896AC3007EF773 /* FlowDKApp */,
				4086EC781F89BDD1007EF773 /* FlowDKAppTests */,
				4086EC5F1F896AC3007EF773 /* Products */,
				2A132AD5E5D90E3767B02195 /* Pods */,
				86742264A3DF90A1A1778E33 /* Frameworks */,
			);
			sourceTree = "<group>";
		};
		4086EC5F1F896AC3007EF773 /* Products */ = {
			isa = PBXGroup;
			children = (
				4086EC5E1F896AC3007EF773 /* FlowDKApp.app */,
				4086EC771F89BDD1007EF773 /* FlowDKAppTests.xctest */,
			);
			name = Products;
			sourceTree = "<group>";
		};
		4086EC601F896AC3007EF773 /* FlowDKApp */ = {
			isa = PBXGroup;
			children = (
				4086EC6D1F896AC3007EF773 /* Info.plist */,
				4086EC611F896AC3007EF773 /* AppDelegate.swift */,
				4086EC631F896AC3007EF773 /* ViewController.swift */,
				4086EC681F896AC3007EF773 /* Assets.xcassets */,
				4086EC6A1F896AC3007EF773 /* LaunchScreen.storyboard */,
			);
			path = FlowDKApp;
			sourceTree = "<group>";
		};
		4086EC781F89BDD1007EF773 /* FlowDKAppTests */ = {
			isa = PBXGroup;
			children = (
				4086EC791F89BDD1007EF773 /* FlowDKAppTests.swift */,
				4086EC7B1F89BDD1007EF773 /* Info.plist */,
			);
			path = FlowDKAppTests;
			sourceTree = "<group>";
		};
		86742264A3DF90A1A1778E33 /* Frameworks */ = {
			isa = PBXGroup;
			children = (
				9A71F55D5DE588EFC14D531B /* Pods_FlowDKApp.framework */,
			);
			name = Frameworks;
			sourceTree = "<group>";
		};
/* End PBXGroup section */

/* Begin PBXNativeTarget section */
		4086EC5D1F896AC3007EF773 /* FlowDKApp */ = {
			isa = PBXNativeTarget;
			buildConfigurationList = 4086EC701F896AC3007EF773 /* Build configuration list for PBXNativeTarget "FlowDKApp" */;
			buildPhases = (
				85A576AEF3E7257D420BE0E4 /* [CP] Check Pods Manifest.lock */,
				4086EC5A1F896AC3007EF773 /* Sources */,
				4086EC5B1F896AC3007EF773 /* Frameworks */,
				4086EC5C1F896AC3007EF773 /* Resources */,
				582D0FDF0E2F0337D7FE5864 /* [CP] Embed Pods Frameworks */,
				64C8D06E5016A7E25CBB4F6E /* [CP] Copy Pods Resources */,
			);
			buildRules = (
			);
			dependencies = (
			);
			name = FlowDKApp;
			productName = FlowDKApp;
			productReference = 4086EC5E1F896AC3007EF773 /* FlowDKApp.app */;
			productType = "com.apple.product-type.application";
		};
		4086EC761F89BDD1007EF773 /* FlowDKAppTests */ = {
			isa = PBXNativeTarget;
			buildConfigurationList = 4086EC7E1F89BDD1007EF773 /* Build configuration list for PBXNativeTarget "FlowDKAppTests" */;
			buildPhases = (
				4086EC731F89BDD1007EF773 /* Sources */,
				4086EC741F89BDD1007EF773 /* Frameworks */,
				4086EC751F89BDD1007EF773 /* Resources */,
			);
			buildRules = (
			);
			dependencies = (
				4086EC7D1F89BDD1007EF773 /* PBXTargetDependency */,
			);
			name = FlowDKAppTests;
			productName = FlowDKAppTests;
			productReference = 4086EC771F89BDD1007EF773 /* FlowDKAppTests.xctest */;
			productType = "com.apple.product-type.bundle.unit-test";
		};
/* End PBXNativeTarget section */

/* Begin PBXProject section */
		4086EC561F896AC3007EF773 /* Project object */ = {
			isa = PBXProject;
			attributes = {
				LastSwiftUpdateCheck = 0900;
				LastUpgradeCheck = 0900;
				ORGANIZATIONNAME = FlowDK;
				TargetAttributes = {
					4086EC5D1F896AC3007EF773 = {
						CreatedOnToolsVersion = 9.0;
						ProvisioningStyle = Automatic;
					};
					4086EC761F89BDD1007EF773 = {
						CreatedOnToolsVersion = 9.0;
						ProvisioningStyle = Automatic;
						TestTargetID = 4086EC5D1F896AC3007EF773;
					};
				};
			};
			buildConfigurationList = 4086EC591F896AC3007EF773 /* Build configuration list for PBXProject "FlowDKApp" */;
			compatibilityVersion = "Xcode 8.0";
			developmentRegion = en;
			hasScannedForEncodings = 0;
			knownRegions = (
				en,
				Base,
			);
			mainGroup = 4086EC551F896AC3007EF773;
			productRefGroup = 4086EC5F1F896AC3007EF773 /* Products */;
			projectDirPath = "";
			projectRoot = "";
			targets = (
				4086EC5D1F896AC3007EF773 /* FlowDKApp */,
				4086EC761F89BDD1007EF773 /* FlowDKAppTests */,
			);
		};
/* End PBXProject section */

/* Begin PBXResourcesBuildPhase section */
		4086EC5C1F896AC3007EF773 /* Resources */ = {
			isa = PBXResourcesBuildPhase;
			buildActionMask = 2147483647;
			files = (
				4086EC6C1F896AC3007EF773 /* LaunchScreen.storyboard in Resources */,
				4086EC691F896AC3007EF773 /* Assets.xcassets in Resources */,
			);
			runOnlyForDeploymentPostprocessing = 0;
		};
		4086EC751F89BDD1007EF773 /* Resources */ = {
			isa = PBXResourcesBuildPhase;
			buildActionMask = 2147483647;
			files = (
			);
			runOnlyForDeploymentPostprocessing = 0;
		};
/* End PBXResourcesBuildPhase section */

/* Begin PBXShellScriptBuildPhase section */
		582D0FDF0E2F0337D7FE5864 /* [CP] Embed Pods Frameworks */ = {
			isa = PBXShellScriptBuildPhase;
			buildActionMask = 2147483647;
			files = (
			);
			inputPaths = (
				"${SRCROOT}/Pods/Target Support Files/Pods-FlowDKApp/Pods-FlowDKApp-frameworks.sh",
				"${BUILT_PRODUCTS_DIR}/FlowDK/FlowDK.framework",
			);
			name = "[CP] Embed Pods Frameworks";
			outputPaths = (
				"${TARGET_BUILD_DIR}/${FRAMEWORKS_FOLDER_PATH}/FlowDK.framework",
			);
			runOnlyForDeploymentPostprocessing = 0;
			shellPath = /bin/sh;
			shellScript = "\"${SRCROOT}/Pods/Target Support Files/Pods-FlowDKApp/Pods-FlowDKApp-frameworks.sh\"\n";
			showEnvVarsInLog = 0;
		};
		64C8D06E5016A7E25CBB4F6E /* [CP] Copy Pods Resources */ = {
			isa = PBXShellScriptBuildPhase;
			buildActionMask = 2147483647;
			files = (
			);
			inputPaths = (
			);
			name = "[CP] Copy Pods Resources";
			outputPaths = (
			);
			runOnlyForDeploymentPostprocessing = 0;
			shellPath = /bin/sh;
			shellScript = "\"${SRCROOT}/Pods/Target Support Files/Pods-FlowDKApp/Pods-FlowDKApp-resources.sh\"\n";
			showEnvVarsInLog = 0;
		};
		85A576AEF3E7257D420BE0E4 /* [CP] Check Pods Manifest.lock */ = {
			isa = PBXShellScriptBuildPhase;
			buildActionMask = 2147483647;
			files = (
			);
			inputPaths = (
				"${PODS_PODFILE_DIR_PATH}/Podfile.lock",
				"${PODS_ROOT}/Manifest.lock",
			);
			name = "[CP] Check Pods Manifest.lock";
			outputPaths = (
				"$(DERIVED_FILE_DIR)/Pods-FlowDKApp-checkManifestLockResult.txt",
			);
			runOnlyForDeploymentPostprocessing = 0;
			shellPath = /bin/sh;
			shellScript = "diff \"${PODS_PODFILE_DIR_PATH}/Podfile.lock\" \"${PODS_ROOT}/Manifest.lock\" > /dev/null\nif [ $? != 0 ] ; then\n    # print error to STDERR\n    echo \"error: The sandbox is not in sync with the Podfile.lock. Run 'pod install' or update your CocoaPods installation.\" >&2\n    exit 1\nfi\n# This output is used by Xcode 'outputs' to avoid re-running this script phase.\necho \"SUCCESS\" > \"${SCRIPT_OUTPUT_FILE_0}\"\n";
			showEnvVarsInLog = 0;
		};
/* End PBXShellScriptBuildPhase section */

/* Begin PBXSourcesBuildPhase section */
		4086EC5A1F896AC3007EF773 /* Sources */ = {
			isa = PBXSourcesBuildPhase;
			buildActionMask = 2147483647;
			files = (
				4086EC641F896AC3007EF773 /* ViewController.swift in Sources */,
				4086EC621F896AC3007EF773 /* AppDelegate.swift in Sources */,
			);
			runOnlyForDeploymentPostprocessing = 0;
		};
		4086EC731F89BDD1007EF773 /* Sources */ = {
			isa = PBXSourcesBuildPhase;
			buildActionMask = 2147483647;
			files = (
				4086EC7A1F89BDD1007EF773 /* FlowDKAppTests.swift in Sources */,
			);
			runOnlyForDeploymentPostprocessing = 0;
		};
/* End PBXSourcesBuildPhase section */

/* Begin PBXTargetDependency section */
		4086EC7D1F89BDD1007EF773 /* PBXTargetDependency */ = {
			isa = PBXTargetDependency;
			target = 4086EC5D1F896AC3007EF773 /* FlowDKApp */;
			targetProxy = 4086EC7C1F89BDD1007EF773 /* PBXContainerItemProxy */;
		};
/* End PBXTargetDependency section */

/* Begin PBXVariantGroup section */
		4086EC6A1F896AC3007EF773 /* LaunchScreen.storyboard */ = {
			isa = PBXVariantGroup;
			children = (
				4086EC6B1F896AC3007EF773 /* Base */,
			);
			name = LaunchScreen.storyboard;
			sourceTree = "<group>";
		};
/* End PBXVariantGroup section */

/* Begin XCBuildConfiguration section */
		4086EC6E1F896AC3007EF773 /* Debug */ = {
			isa = XCBuildConfiguration;
			buildSettings = {
				ALWAYS_SEARCH_USER_PATHS = NO;
				CLANG_ANALYZER_NONNULL = YES;
				CLANG_ANALYZER_NUMBER_OBJECT_CONVERSION = YES_AGGRESSIVE;
				CLANG_CXX_LANGUAGE_STANDARD = "gnu++14";
				CLANG_CXX_LIBRARY = "libc++";
				CLANG_ENABLE_MODULES = YES;
				CLANG_ENABLE_OBJC_ARC = YES;
				CLANG_WARN_BLOCK_CAPTURE_AUTORELEASING = YES;
				CLANG_WARN_BOOL_CONVERSION = YES;
				CLANG_WARN_COMMA = YES;
				CLANG_WARN_CONSTANT_CONVERSION = YES;
				CLANG_WARN_DIRECT_OBJC_ISA_USAGE = YES_ERROR;
				CLANG_WARN_DOCUMENTATION_COMMENTS = YES;
				CLANG_WARN_EMPTY_BODY = YES;
				CLANG_WARN_ENUM_CONVERSION = YES;
				CLANG_WARN_INFINITE_RECURSION = YES;
				CLANG_WARN_INT_CONVERSION = YES;
				CLANG_WARN_NON_LITERAL_NULL_CONVERSION = YES;
				CLANG_WARN_OBJC_LITERAL_CONVERSION = YES;
				CLANG_WARN_OBJC_ROOT_CLASS = YES_ERROR;
				CLANG_WARN_RANGE_LOOP_ANALYSIS = YES;
				CLANG_WARN_STRICT_PROTOTYPES = YES;
				CLANG_WARN_SUSPICIOUS_MOVE = YES;
				CLANG_WARN_UNGUARDED_AVAILABILITY = YES_AGGRESSIVE;
				CLANG_WARN_UNREACHABLE_CODE = YES;
				CLANG_WARN__DUPLICATE_METHOD_MATCH = YES;
				CODE_SIGN_IDENTITY = "iPhone Developer";
				COPY_PHASE_STRIP = NO;
				DEBUG_INFORMATION_FORMAT = dwarf;
				ENABLE_STRICT_OBJC_MSGSEND = YES;
				ENABLE_TESTABILITY = YES;
				GCC_C_LANGUAGE_STANDARD = gnu11;
				GCC_DYNAMIC_NO_PIC = NO;
				GCC_NO_COMMON_BLOCKS = YES;
				GCC_OPTIMIZATION_LEVEL = 0;
				GCC_PREPROCESSOR_DEFINITIONS = (
					"DEBUG=1",
					"$(inherited)",
				);
				GCC_WARN_64_TO_32_BIT_CONVERSION = YES;
				GCC_WARN_ABOUT_RETURN_TYPE = YES_ERROR;
				GCC_WARN_UNDECLARED_SELECTOR = YES;
				GCC_WARN_UNINITIALIZED_AUTOS = YES_AGGRESSIVE;
				GCC_WARN_UNUSED_FUNCTION = YES;
				GCC_WARN_UNUSED_VARIABLE = YES;
				IPHONEOS_DEPLOYMENT_TARGET = 11.0;
				MTL_ENABLE_DEBUG_INFO = YES;
				ONLY_ACTIVE_ARCH = YES;
				SDKROOT = iphoneos;
				SWIFT_ACTIVE_COMPILATION_CONDITIONS = DEBUG;
				SWIFT_OPTIMIZATION_LEVEL = "-Onone";
			};
			name = Debug;
		};
		4086EC6F1F896AC3007EF773 /* Release */ = {
			isa = XCBuildConfiguration;
			buildSettings = {
				ALWAYS_SEARCH_USER_PATHS = NO;
				CLANG_ANALYZER_NONNULL = YES;
				CLANG_ANALYZER_NUMBER_OBJECT_CONVERSION = YES_AGGRESSIVE;
				CLANG_CXX_LANGUAGE_STANDARD = "gnu++14";
				CLANG_CXX_LIBRARY = "libc++";
				CLANG_ENABLE_MODULES = YES;
				CLANG_ENABLE_OBJC_ARC = YES;
				CLANG_WARN_BLOCK_CAPTURE_AUTORELEASING = YES;
				CLANG_WARN_BOOL_CONVERSION = YES;
				CLANG_WARN_COMMA = YES;
				CLANG_WARN_CONSTANT_CONVERSION = YES;
				CLANG_WARN_DIRECT_OBJC_ISA_USAGE = YES_ERROR;
				CLANG_WARN_DOCUMENTATION_COMMENTS = YES;
				CLANG_WARN_EMPTY_BODY = YES;
				CLANG_WARN_ENUM_CONVERSION = YES;
				CLANG_WARN_INFINITE_RECURSION = YES;
				CLANG_WARN_INT_CONVERSION = YES;
				CLANG_WARN_NON_LITERAL_NULL_CONVERSION = YES;
				CLANG_WARN_OBJC_LITERAL_CONVERSION = YES;
				CLANG_WARN_OBJC_ROOT_CLASS = YES_ERROR;
				CLANG_WARN_RANGE_LOOP_ANALYSIS = YES;
				CLANG_WARN_STRICT_PROTOTYPES = YES;
				CLANG_WARN_SUSPICIOUS_MOVE = YES;
				CLANG_WARN_UNGUARDED_AVAILABILITY = YES_AGGRESSIVE;
				CLANG_WARN_UNREACHABLE_CODE = YES;
				CLANG_WARN__DUPLICATE_METHOD_MATCH = YES;
				CODE_SIGN_IDENTITY = "iPhone Developer";
				COPY_PHASE_STRIP = NO;
				DEBUG_INFORMATION_FORMAT = "dwarf-with-dsym";
				ENABLE_NS_ASSERTIONS = NO;
				ENABLE_STRICT_OBJC_MSGSEND = YES;
				GCC_C_LANGUAGE_STANDARD = gnu11;
				GCC_NO_COMMON_BLOCKS = YES;
				GCC_WARN_64_TO_32_BIT_CONVERSION = YES;
				GCC_WARN_ABOUT_RETURN_TYPE = YES_ERROR;
				GCC_WARN_UNDECLARED_SELECTOR = YES;
				GCC_WARN_UNINITIALIZED_AUTOS = YES_AGGRESSIVE;
				GCC_WARN_UNUSED_FUNCTION = YES;
				GCC_WARN_UNUSED_VARIABLE = YES;
				IPHONEOS_DEPLOYMENT_TARGET = 11.0;
				MTL_ENABLE_DEBUG_INFO = NO;
				SDKROOT = iphoneos;
				SWIFT_OPTIMIZATION_LEVEL = "-Owholemodule";
				VALIDATE_PRODUCT = YES;
			};
			name = Release;
		};
		4086EC711F896AC3007EF773 /* Debug */ = {
			isa = XCBuildConfiguration;
			baseConfigurationReference = 6E756BE954E1FAEC01998D1E /* Pods-FlowDKApp.debug.xcconfig */;
			buildSettings = {
				ASSETCATALOG_COMPILER_APPICON_NAME = AppIcon;
				CODE_SIGN_STYLE = Automatic;
				DEVELOPMENT_TEAM = 28HAX9NHD8;
				INFOPLIST_FILE = FlowDKApp/Info.plist;
				LD_RUNPATH_SEARCH_PATHS = "$(inherited) @executable_path/Frameworks";
				PRODUCT_BUNDLE_IDENTIFIER = com.flowDK.FlowDKApp;
				PRODUCT_NAME = "$(TARGET_NAME)";
				SWIFT_VERSION = 4.0;
				TARGETED_DEVICE_FAMILY = "1,2";
			};
			name = Debug;
		};
		4086EC721F896AC3007EF773 /* Release */ = {
			isa = XCBuildConfiguration;
			baseConfigurationReference = D6E85E83D05EB18EDC4AA332 /* Pods-FlowDKApp.release.xcconfig */;
			buildSettings = {
				ASSETCATALOG_COMPILER_APPICON_NAME = AppIcon;
				CODE_SIGN_STYLE = Automatic;
				DEVELOPMENT_TEAM = 28HAX9NHD8;
				INFOPLIST_FILE = FlowDKApp/Info.plist;
				LD_RUNPATH_SEARCH_PATHS = "$(inherited) @executable_path/Frameworks";
				PRODUCT_BUNDLE_IDENTIFIER = com.flowDK.FlowDKApp;
				PRODUCT_NAME = "$(TARGET_NAME)";
				SWIFT_VERSION = 4.0;
				TARGETED_DEVICE_FAMILY = "1,2";
			};
			name = Release;
		};
		4086EC7F1F89BDD1007EF773 /* Debug */ = {
			isa = XCBuildConfiguration;
			buildSettings = {
				BUNDLE_LOADER = "$(TEST_HOST)";
				CODE_SIGN_STYLE = Automatic;
				DEVELOPMENT_TEAM = 28HAX9NHD8;
				INFOPLIST_FILE = FlowDKAppTests/Info.plist;
				LD_RUNPATH_SEARCH_PATHS = "$(inherited) @executable_path/Frameworks @loader_path/Frameworks";
				PRODUCT_BUNDLE_IDENTIFIER = com.flowDK.FlowDKAppTests;
				PRODUCT_NAME = "$(TARGET_NAME)";
				SWIFT_VERSION = 4.0;
				TARGETED_DEVICE_FAMILY = "1,2";
				TEST_HOST = "$(BUILT_PRODUCTS_DIR)/FlowDKApp.app/FlowDKApp";
			};
			name = Debug;
		};
		4086EC801F89BDD1007EF773 /* Release */ = {
			isa = XCBuildConfiguration;
			buildSettings = {
				BUNDLE_LOADER = "$(TEST_HOST)";
				CODE_SIGN_STYLE = Automatic;
				DEVELOPMENT_TEAM = 28HAX9NHD8;
				INFOPLIST_FILE = FlowDKAppTests/Info.plist;
				LD_RUNPATH_SEARCH_PATHS = "$(inherited) @executable_path/Frameworks @loader_path/Frameworks";
				PRODUCT_BUNDLE_IDENTIFIER = com.flowDK.FlowDKAppTests;
				PRODUCT_NAME = "$(TARGET_NAME)";
				SWIFT_VERSION = 4.0;
				TARGETED_DEVICE_FAMILY = "1,2";
				TEST_HOST = "$(BUILT_PRODUCTS_DIR)/FlowDKApp.app/FlowDKApp";
			};
			name = Release;
		};
/* End XCBuildConfiguration section */

/* Begin XCConfigurationList section */
		4086EC591F896AC3007EF773 /* Build configuration list for PBXProject "FlowDKApp" */ = {
			isa = XCConfigurationList;
			buildConfigurations = (
				4086EC6E1F896AC3007EF773 /* Debug */,
				4086EC6F1F896AC3007EF773 /* Release */,
			);
			defaultConfigurationIsVisible = 0;
			defaultConfigurationName = Release;
		};
		4086EC701F896AC3007EF773 /* Build configuration list for PBXNativeTarget "FlowDKApp" */ = {
			isa = XCConfigurationList;
			buildConfigurations = (
				4086EC711F896AC3007EF773 /* Debug */,
				4086EC721F896AC3007EF773 /* Release */,
			);
			defaultConfigurationIsVisible = 0;
			defaultConfigurationName = Release;
		};
		4086EC7E1F89BDD1007EF773 /* Build configuration list for PBXNativeTarget "FlowDKAppTests" */ = {
			isa = XCConfigurationList;
			buildConfigurations = (
				4086EC7F1F89BDD1007EF773 /* Debug */,
				4086EC801F89BDD1007EF773 /* Release */,
			);
			defaultConfigurationIsVisible = 0;
			defaultConfigurationName = Release;
		};
/* End XCConfigurationList section */
	};
	rootObject = 4086EC561F896AC3007EF773 /* Project object */;
}
