PODS:
  - Alamofire (4.6.0)
  - AlamofireNetworkActivityIndicator (2.2.0):
    - Alamofire (~> 4.5)
  - AlamofireObjectMapper (5.0.0):
    - Alamofire (~> 4.1)
    - ObjectMapper (~> 3.0)
  - FlowDK (0.1.0):
    - FlowDK/AnyAPI (= 0.1.0)
    - FlowDK/Core (= 0.1.0)
  - FlowDK/AnyAPI (0.1.0):
    - Alamofire
    - AlamofireNetworkActivityIndicator
    - AlamofireObjectMapper
    - FlowDK/Core
    - ObjectMapper
  - FlowDK/Core (0.1.0)
  - ObjectMapper (3.1.0)

DEPENDENCIES:
  - FlowDK (from `..`)

EXTERNAL SOURCES:
  FlowDK:
    :path: ..

SPEC CHECKSUMS:
  Alamofire: f41a599bd63041760b26d393ec1069d9d7b917f4
  AlamofireNetworkActivityIndicator: 81e1630e7cfed22a4e4e82a174c59e651dc4f8ca
  AlamofireObjectMapper: 5fafc816351cbbc0d486611aaeba7461c0cbad49
  FlowDK: 29980d32aa5eb4f2872fb520982912743b8cfe74
  ObjectMapper: 20505058f54e5c3ca69e1d6de9897d152a5369a6

PODFILE CHECKSUM: fe57fefa4b4c5ee592741a519216c1987def20f8

COCOAPODS: 1.3.1
